{
  "originHash" : "fbdec518f66720abc9cceef1ea36ee3229c4faa09fdcfd36f45e77839c989f98",
  "pins" : [
    {
      "identity" : "purchases-ios",
      "kind" : "remoteSourceControl",
      "location" : "https://github.com/RevenueCat/purchases-ios",
      "state" : {
        "revision" : "c756269d79aa0f34e56d4a7f12f4dcc8c9381d47",
        "version" : "5.20.3"
      }
    }
  ],
  "version" : 3
}
