{
  "originHash" : "69c48e7bc03d2dc1a9ab25ada75cc6b3414290d1edf1e0cde04f43834e222e6f",
  "pins" : [
    {
      "identity" : "facebook-ios-sdk",
      "kind" : "remoteSourceControl",
      "location" : "https://github.com/facebook/facebook-ios-sdk",
      "state" : {
        "revision" : "b28dde427715b45a26ebebf697929f4a81b15e04",
        "version" : "18.0.0"
      }
    },
    {
      "identity" : "purchases-ios",
      "kind" : "remoteSourceControl",
      "location" : "https://github.com/RevenueCat/purchases-ios",
      "state" : {
        "revision" : "c756269d79aa0f34e56d4a7f12f4dcc8c9381d47",
        "version" : "5.20.3"
      }
    }
  ],
  "version" : 3
}
